
Microsoft Visual Studio Solution File, Format Version 12.00
# Visual Studio Version 17
VisualStudioVersion = 17.3.32929.385
MinimumVisualStudioVersion = 10.0.40219.1
Project("{FAE04EC0-301F-11D3-BF4B-00C04F79EFBC}") = "ETrade_BootCamp", "ETrade_BootCamp\ETrade_BootCamp.csproj", "{BAAB2BC9-D73B-45DC-9ACE-96F7876395CB}"
EndProject
Global
	GlobalSection(SolutionConfigurationPlatforms) = preSolution
		Debug|Any CPU = Debug|Any CPU
		Release|Any CPU = Release|Any CPU
	EndGlobalSection
	GlobalSection(ProjectConfigurationPlatforms) = postSolution
		{BAAB2BC9-D73B-45DC-9ACE-96F7876395CB}.Debug|Any CPU.ActiveCfg = Debug|Any CPU
		{BAAB2BC9-D73B-45DC-9ACE-96F7876395CB}.Debug|Any CPU.Build.0 = Debug|Any CPU
		{BAAB2BC9-D73B-45DC-9ACE-96F7876395CB}.Release|Any CPU.ActiveCfg = Release|Any CPU
		{BAAB2BC9-D73B-45DC-9ACE-96F7876395CB}.Release|Any CPU.Build.0 = Release|Any CPU
	EndGlobalSection
	GlobalSection(SolutionProperties) = preSolution
		HideSolutionNode = FALSE
	EndGlobalSection
	GlobalSection(ExtensibilityGlobals) = postSolution
		SolutionGuid = {25F4EE35-156C-45FE-A43F-D890F10FD5F9}
	EndGlobalSection
EndGlobal
